
Microsoft Visual Studio Solution File, Format Version 12.00
# Visual Studio Version 16
VisualStudioVersion = 16.0.29009.5
MinimumVisualStudioVersion = 10.0.40219.1
Project("{8BC9CEB8-8B4A-11D0-8D11-00A0C91BC942}") = "Threads", "Threads.vcxproj", "{219DBB9C-659E-466B-98B9-8DFD23BEAC50}"
EndProject
Project("{8BC9CEB8-8B4A-11D0-8D11-00A0C91BC942}") = "UnitTest", "UnitTest\UnitTest.vcxproj", "{0BF75ED1-59EA-474D-BDA3-9503ED31BB6B}"
EndProject
Global
	GlobalSection(SolutionConfigurationPlatforms) = preSolution
		Debug|x64 = Debug|x64
		Debug|x86 = Debug|x86
		Release|x64 = Release|x64
		Release|x86 = Release|x86
	EndGlobalSection
	GlobalSection(ProjectConfigurationPlatforms) = postSolution
		{219DBB9C-659E-466B-98B9-8DFD23BEAC50}.Debug|x64.ActiveCfg = Debug|x64
		{219DBB9C-659E-466B-98B9-8DFD23BEAC50}.Debug|x64.Build.0 = Debug|x64
		{219DBB9C-659E-466B-98B9-8DFD23BEAC50}.Debug|x86.ActiveCfg = Debug|Win32
		{219DBB9C-659E-466B-98B9-8DFD23BEAC50}.Debug|x86.Build.0 = Debug|Win32
		{219DBB9C-659E-466B-98B9-8DFD23BEAC50}.Release|x64.ActiveCfg = Release|x64
		{219DBB9C-659E-466B-98B9-8DFD23BEAC50}.Release|x64.Build.0 = Release|x64
		{219DBB9C-659E-466B-98B9-8DFD23BEAC50}.Release|x86.ActiveCfg = Release|Win32
		{219DBB9C-659E-466B-98B9-8DFD23BEAC50}.Release|x86.Build.0 = Release|Win32
		{0BF75ED1-59EA-474D-BDA3-9503ED31BB6B}.Debug|x64.ActiveCfg = Debug|x64
		{0BF75ED1-59EA-474D-BDA3-9503ED31BB6B}.Debug|x64.Build.0 = Debug|x64
		{0BF75ED1-59EA-474D-BDA3-9503ED31BB6B}.Debug|x86.ActiveCfg = Debug|Win32
		{0BF75ED1-59EA-474D-BDA3-9503ED31BB6B}.Debug|x86.Build.0 = Debug|Win32
		{0BF75ED1-59EA-474D-BDA3-9503ED31BB6B}.Release|x64.ActiveCfg = Release|x64
		{0BF75ED1-59EA-474D-BDA3-9503ED31BB6B}.Release|x64.Build.0 = Release|x64
		{0BF75ED1-59EA-474D-BDA3-9503ED31BB6B}.Release|x86.ActiveCfg = Release|Win32
		{0BF75ED1-59EA-474D-BDA3-9503ED31BB6B}.Release|x86.Build.0 = Release|Win32
	EndGlobalSection
	GlobalSection(SolutionProperties) = preSolution
		HideSolutionNode = FALSE
	EndGlobalSection
	GlobalSection(ExtensibilityGlobals) = postSolution
		SolutionGuid = {3D9A2171-6647-479B-9B48-35F68B7BB648}
	EndGlobalSection
EndGlobal
